
Microsoft Visual Studio Solution File, Format Version 12.00
# Visual Studio Version 16
VisualStudioVersion = 16.0.31515.178
MinimumVisualStudioVersion = 10.0.40219.1
Project("{FAE04EC0-301F-11D3-BF4B-00C04F79EFBC}") = "MatchingGame", "MatchingGame\MatchingGame.csproj", "{7E8AC0C4-ABC3-4802-93E4-63BDAE62E46C}"
EndProject
Global
	GlobalSection(SolutionConfigurationPlatforms) = preSolution
		Debug|Any CPU = Debug|Any CPU
		Release|Any CPU = Release|Any CPU
	EndGlobalSection
	GlobalSection(ProjectConfigurationPlatforms) = postSolution
		{7E8AC0C4-ABC3-4802-93E4-63BDAE62E46C}.Debug|Any CPU.ActiveCfg = Debug|Any CPU
		{7E8AC0C4-ABC3-4802-93E4-63BDAE62E46C}.Debug|Any CPU.Build.0 = Debug|Any CPU
		{7E8AC0C4-ABC3-4802-93E4-63BDAE62E46C}.Release|Any CPU.ActiveCfg = Release|Any CPU
		{7E8AC0C4-ABC3-4802-93E4-63BDAE62E46C}.Release|Any CPU.Build.0 = Release|Any CPU
	EndGlobalSection
	GlobalSection(SolutionProperties) = preSolution
		HideSolutionNode = FALSE
	EndGlobalSection
	GlobalSection(ExtensibilityGlobals) = postSolution
		SolutionGuid = {45322DE3-99C7-4543-A6FD-289CFC922B8D}
	EndGlobalSection
EndGlobal
